
Microsoft Visual Studio Solution File, Format Version 12.00
# Visual Studio 14
VisualStudioVersion = 14.0.25420.1
MinimumVisualStudioVersion = 10.0.40219.1
Project("{FAE04EC0-301F-11D3-BF4B-00C04F79EFBC}") = "AnagramsPT452", "AnagramsPT452\AnagramsPT452.csproj", "{D4C38976-1DB1-4E27-B961-9A8D52134663}"
EndProject
Project("{FAE04EC0-301F-11D3-BF4B-00C04F79EFBC}") = "UnitTest", "UnitTest\UnitTest.csproj", "{A54096BC-7AC9-4F86-AC16-B06414097498}"
EndProject
Project("{FAE04EC0-301F-11D3-BF4B-00C04F79EFBC}") = "AnagramTesting", "AnagramTesting\AnagramTesting.csproj", "{9F742AB3-162A-4F28-8694-B190C54392B9}"
EndProject
Global
	GlobalSection(SolutionConfigurationPlatforms) = preSolution
		Debug|Any CPU = Debug|Any CPU
		Release|Any CPU = Release|Any CPU
	EndGlobalSection
	GlobalSection(ProjectConfigurationPlatforms) = postSolution
		{D4C38976-1DB1-4E27-B961-9A8D52134663}.Debug|Any CPU.ActiveCfg = Debug|Any CPU
		{D4C38976-1DB1-4E27-B961-9A8D52134663}.Debug|Any CPU.Build.0 = Debug|Any CPU
		{D4C38976-1DB1-4E27-B961-9A8D52134663}.Release|Any CPU.ActiveCfg = Release|Any CPU
		{D4C38976-1DB1-4E27-B961-9A8D52134663}.Release|Any CPU.Build.0 = Release|Any CPU
		{A54096BC-7AC9-4F86-AC16-B06414097498}.Debug|Any CPU.ActiveCfg = Debug|Any CPU
		{A54096BC-7AC9-4F86-AC16-B06414097498}.Debug|Any CPU.Build.0 = Debug|Any CPU
		{A54096BC-7AC9-4F86-AC16-B06414097498}.Release|Any CPU.ActiveCfg = Release|Any CPU
		{A54096BC-7AC9-4F86-AC16-B06414097498}.Release|Any CPU.Build.0 = Release|Any CPU
		{9F742AB3-162A-4F28-8694-B190C54392B9}.Debug|Any CPU.ActiveCfg = Debug|Any CPU
		{9F742AB3-162A-4F28-8694-B190C54392B9}.Debug|Any CPU.Build.0 = Debug|Any CPU
		{9F742AB3-162A-4F28-8694-B190C54392B9}.Release|Any CPU.ActiveCfg = Release|Any CPU
		{9F742AB3-162A-4F28-8694-B190C54392B9}.Release|Any CPU.Build.0 = Release|Any CPU
	EndGlobalSection
	GlobalSection(SolutionProperties) = preSolution
		HideSolutionNode = FALSE
	EndGlobalSection
EndGlobal
